{
    "_meta": {
        "hash": {
            "sha256": "cfd4af861c6c844d7114c264b1272342125e86e14e978338ecb52927d930ca5b"
        },
        "pipfile-spec": 6,
        "requires": {
            "python_version": "3.1"
        },
        "sources": [
            {
                "name": "pypi",
                "url": "https://pypi.org/simple",
                "verify_ssl": true
            }
        ]
    },
    "default": {
        "click": {
            "hashes": [
                "sha256:353f466495adaeb40b6b5f592f9f91cb22372351c84caeb068132442a4518ef3",
                "sha256:410e932b050f5eed773c4cda94de75971c89cdb3155a72a0831139a79e5ecb5b"
            ],
            "index": "pypi",
            "version": "==8.0.3"
        },
        "ipy": {
            "hashes": [
                "sha256:edeca741dea2d54aca568fa23740288c3fe86c0f3ea700344571e9ef14a7cc1a"
            ],
            "index": "pypi",
            "version": "==1.1"
        }
    },
    "develop": {}
}
